
Microsoft Visual Studio Solution File, Format Version 12.00
# Visual Studio Version 17
VisualStudioVersion = 17.1.32203.90
MinimumVisualStudioVersion = 10.0.40219.1
Project("{FAE04EC0-301F-11D3-BF4B-00C04F79EFBC}") = "GCScript_for_Outlook", "GCScript_for_Outlook.csproj", "{65D4F3EB-36FF-4FD9-8335-F4C57A8F2854}"
EndProject
Global
	GlobalSection(SolutionConfigurationPlatforms) = preSolution
		Debug|Any CPU = Debug|Any CPU
		Release|Any CPU = Release|Any CPU
	EndGlobalSection
	GlobalSection(ProjectConfigurationPlatforms) = postSolution
		{65D4F3EB-36FF-4FD9-8335-F4C57A8F2854}.Debug|Any CPU.ActiveCfg = Debug|Any CPU
		{65D4F3EB-36FF-4FD9-8335-F4C57A8F2854}.Debug|Any CPU.Build.0 = Debug|Any CPU
		{65D4F3EB-36FF-4FD9-8335-F4C57A8F2854}.Release|Any CPU.ActiveCfg = Release|Any CPU
		{65D4F3EB-36FF-4FD9-8335-F4C57A8F2854}.Release|Any CPU.Build.0 = Release|Any CPU
	EndGlobalSection
	GlobalSection(SolutionProperties) = preSolution
		HideSolutionNode = FALSE
	EndGlobalSection
	GlobalSection(ExtensibilityGlobals) = postSolution
		SolutionGuid = {14230A17-754D-4E8C-828C-2E8A50024646}
	EndGlobalSection
EndGlobal
